
Microsoft Visual Studio Solution File, Format Version 12.00
# Visual Studio Version 16
VisualStudioVersion = 16.0.31005.135
MinimumVisualStudioVersion = 10.0.40219.1
Project("{FAE04EC0-301F-11D3-BF4B-00C04F79EFBC}") = "PokemonJSON", "PokemonJSON.csproj", "{43994AEB-B029-4823-BC80-1C258A726389}"
EndProject
Global
	GlobalSection(SolutionConfigurationPlatforms) = preSolution
		Debug|Any CPU = Debug|Any CPU
		Release|Any CPU = Release|Any CPU
	EndGlobalSection
	GlobalSection(ProjectConfigurationPlatforms) = postSolution
		{43994AEB-B029-4823-BC80-1C258A726389}.Debug|Any CPU.ActiveCfg = Debug|Any CPU
		{43994AEB-B029-4823-BC80-1C258A726389}.Debug|Any CPU.Build.0 = Debug|Any CPU
		{43994AEB-B029-4823-BC80-1C258A726389}.Release|Any CPU.ActiveCfg = Release|Any CPU
		{43994AEB-B029-4823-BC80-1C258A726389}.Release|Any CPU.Build.0 = Release|Any CPU
	EndGlobalSection
	GlobalSection(SolutionProperties) = preSolution
		HideSolutionNode = FALSE
	EndGlobalSection
	GlobalSection(ExtensibilityGlobals) = postSolution
		SolutionGuid = {809C8C32-F0EA-4DAE-999D-378C92A2A541}
	EndGlobalSection
EndGlobal
